
Microsoft Visual Studio Solution File, Format Version 12.00
# Visual Studio Version 17
VisualStudioVersion = 17.9.34607.119
MinimumVisualStudioVersion = 10.0.40219.1
Project("{FAE04EC0-301F-11D3-BF4B-00C04F79EFBC}") = "Trabalho_T2", "Trabalho_T2\Trabalho_T2.csproj", "{3EAB921C-750E-423F-9CB8-121E296CD219}"
EndProject
Global
	GlobalSection(SolutionConfigurationPlatforms) = preSolution
		Debug|Any CPU = Debug|Any CPU
		Release|Any CPU = Release|Any CPU
	EndGlobalSection
	GlobalSection(ProjectConfigurationPlatforms) = postSolution
		{3EAB921C-750E-423F-9CB8-121E296CD219}.Debug|Any CPU.ActiveCfg = Debug|Any CPU
		{3EAB921C-750E-423F-9CB8-121E296CD219}.Debug|Any CPU.Build.0 = Debug|Any CPU
		{3EAB921C-750E-423F-9CB8-121E296CD219}.Release|Any CPU.ActiveCfg = Release|Any CPU
		{3EAB921C-750E-423F-9CB8-121E296CD219}.Release|Any CPU.Build.0 = Release|Any CPU
	EndGlobalSection
	GlobalSection(SolutionProperties) = preSolution
		HideSolutionNode = FALSE
	EndGlobalSection
	GlobalSection(ExtensibilityGlobals) = postSolution
		SolutionGuid = {D1D40714-2A49-4DD3-9F97-0997A96DF819}
	EndGlobalSection
EndGlobal
