
Microsoft Visual Studio Solution File, Format Version 12.00
# Visual Studio Version 17
VisualStudioVersion = 17.9.34607.119
MinimumVisualStudioVersion = 10.0.40219.1
Project("{9A19103F-16F7-4668-BE54-9A1E7A4F7556}") = "ApiWebDB", "ApiWebDB.csproj", "{6EA81FD5-8AD4-44A7-AF9F-B0A903667983}"
EndProject
Global
	GlobalSection(SolutionConfigurationPlatforms) = preSolution
		Debug|Any CPU = Debug|Any CPU
		Release|Any CPU = Release|Any CPU
	EndGlobalSection
	GlobalSection(ProjectConfigurationPlatforms) = postSolution
		{6EA81FD5-8AD4-44A7-AF9F-B0A903667983}.Debug|Any CPU.ActiveCfg = Debug|Any CPU
		{6EA81FD5-8AD4-44A7-AF9F-B0A903667983}.Debug|Any CPU.Build.0 = Debug|Any CPU
		{6EA81FD5-8AD4-44A7-AF9F-B0A903667983}.Release|Any CPU.ActiveCfg = Release|Any CPU
		{6EA81FD5-8AD4-44A7-AF9F-B0A903667983}.Release|Any CPU.Build.0 = Release|Any CPU
	EndGlobalSection
	GlobalSection(SolutionProperties) = preSolution
		HideSolutionNode = FALSE
	EndGlobalSection
	GlobalSection(ExtensibilityGlobals) = postSolution
		SolutionGuid = {F618BABB-5C99-419C-8920-3385EC8424C5}
	EndGlobalSection
EndGlobal
