
Microsoft Visual Studio Solution File, Format Version 12.00
# Visual Studio Version 17
VisualStudioVersion = 17.9.34607.119
MinimumVisualStudioVersion = 10.0.40219.1
Project("{9A19103F-16F7-4668-BE54-9A1E7A4F7556}") = "Algoritmo_1", "Algoritmo_1\Algoritmo_1.csproj", "{98981639-A2FF-43C1-9BC1-6B15CFC1DE42}"
EndProject
Project("{FAE04EC0-301F-11D3-BF4B-00C04F79EFBC}") = "Algoritomo_2", "Algoritomo_2\Algoritomo_2.csproj", "{1AD82CB7-5C8D-433E-AC0E-67F9C6C4D42F}"
EndProject
Global
	GlobalSection(SolutionConfigurationPlatforms) = preSolution
		Debug|Any CPU = Debug|Any CPU
		Release|Any CPU = Release|Any CPU
	EndGlobalSection
	GlobalSection(ProjectConfigurationPlatforms) = postSolution
		{98981639-A2FF-43C1-9BC1-6B15CFC1DE42}.Debug|Any CPU.ActiveCfg = Debug|Any CPU
		{98981639-A2FF-43C1-9BC1-6B15CFC1DE42}.Debug|Any CPU.Build.0 = Debug|Any CPU
		{98981639-A2FF-43C1-9BC1-6B15CFC1DE42}.Release|Any CPU.ActiveCfg = Release|Any CPU
		{98981639-A2FF-43C1-9BC1-6B15CFC1DE42}.Release|Any CPU.Build.0 = Release|Any CPU
		{1AD82CB7-5C8D-433E-AC0E-67F9C6C4D42F}.Debug|Any CPU.ActiveCfg = Debug|Any CPU
		{1AD82CB7-5C8D-433E-AC0E-67F9C6C4D42F}.Debug|Any CPU.Build.0 = Debug|Any CPU
		{1AD82CB7-5C8D-433E-AC0E-67F9C6C4D42F}.Release|Any CPU.ActiveCfg = Release|Any CPU
		{1AD82CB7-5C8D-433E-AC0E-67F9C6C4D42F}.Release|Any CPU.Build.0 = Release|Any CPU
	EndGlobalSection
	GlobalSection(SolutionProperties) = preSolution
		HideSolutionNode = FALSE
	EndGlobalSection
	GlobalSection(ExtensibilityGlobals) = postSolution
		SolutionGuid = {192F4067-EFC9-48F8-8342-4BBE2BF342A1}
	EndGlobalSection
EndGlobal
